
Microsoft Visual Studio Solution File, Format Version 12.00
# Visual Studio Version 17
VisualStudioVersion = 17.14.36414.22 d17.14
MinimumVisualStudioVersion = 10.0.40219.1
Project("{FAE04EC0-301F-11D3-BF4B-00C04F79EFBC}") = "ValyanClinic", "ValyanClinic\ValyanClinic.csproj", "{0A6005AC-0B6B-4BE0-99B9-7537885652DE}"
EndProject
Global
	GlobalSection(SolutionConfigurationPlatforms) = preSolution
		Debug|Any CPU = Debug|Any CPU
		Release|Any CPU = Release|Any CPU
	EndGlobalSection
	GlobalSection(ProjectConfigurationPlatforms) = postSolution
		{0A6005AC-0B6B-4BE0-99B9-7537885652DE}.Debug|Any CPU.ActiveCfg = Debug|Any CPU
		{0A6005AC-0B6B-4BE0-99B9-7537885652DE}.Debug|Any CPU.Build.0 = Debug|Any CPU
		{0A6005AC-0B6B-4BE0-99B9-7537885652DE}.Release|Any CPU.ActiveCfg = Release|Any CPU
		{0A6005AC-0B6B-4BE0-99B9-7537885652DE}.Release|Any CPU.Build.0 = Release|Any CPU
	EndGlobalSection
	GlobalSection(SolutionProperties) = preSolution
		HideSolutionNode = FALSE
	EndGlobalSection
	GlobalSection(ExtensibilityGlobals) = postSolution
		SolutionGuid = {A6872F4F-B3DE-4C1C-9D5F-435CB74EFBDF}
	EndGlobalSection
EndGlobal
